
Microsoft Visual Studio Solution File, Format Version 12.00
# Visual Studio 15
VisualStudioVersion = 15.0.27428.2037
MinimumVisualStudioVersion = 10.0.40219.1
Project("{8BC9CEB8-8B4A-11D0-8D11-00A0C91BC942}") = "Reversal Algorithm", "Reversal Algorithm\Reversal Algorithm.vcxproj", "{8273A616-A1B7-4688-BCD3-C9613589FA09}"
EndProject
Global
	GlobalSection(SolutionConfigurationPlatforms) = preSolution
		Debug|x64 = Debug|x64
		Debug|x86 = Debug|x86
		Release|x64 = Release|x64
		Release|x86 = Release|x86
	EndGlobalSection
	GlobalSection(ProjectConfigurationPlatforms) = postSolution
		{8273A616-A1B7-4688-BCD3-C9613589FA09}.Debug|x64.ActiveCfg = Debug|x64
		{8273A616-A1B7-4688-BCD3-C9613589FA09}.Debug|x64.Build.0 = Debug|x64
		{8273A616-A1B7-4688-BCD3-C9613589FA09}.Debug|x86.ActiveCfg = Debug|Win32
		{8273A616-A1B7-4688-BCD3-C9613589FA09}.Debug|x86.Build.0 = Debug|Win32
		{8273A616-A1B7-4688-BCD3-C9613589FA09}.Release|x64.ActiveCfg = Release|x64
		{8273A616-A1B7-4688-BCD3-C9613589FA09}.Release|x64.Build.0 = Release|x64
		{8273A616-A1B7-4688-BCD3-C9613589FA09}.Release|x86.ActiveCfg = Release|Win32
		{8273A616-A1B7-4688-BCD3-C9613589FA09}.Release|x86.Build.0 = Release|Win32
	EndGlobalSection
	GlobalSection(SolutionProperties) = preSolution
		HideSolutionNode = FALSE
	EndGlobalSection
	GlobalSection(ExtensibilityGlobals) = postSolution
		SolutionGuid = {FC5EBD93-1F1A-4E59-A4E3-84C21D00F547}
	EndGlobalSection
EndGlobal
